// !$*UTF8*$!
{
	archiveVersion = 1;
	classes = {
	};
	objectVersion = 51;
	objects = {

/* Begin PBXBuildFile section */
		1E73170D2565D1CD001F9CB7 /* AppDelegate.swift in Sources */ = {isa = PBXBuildFile; fileRef = 1E73170C2565D1CD001F9CB7 /* AppDelegate.swift */; };
		1E73170F2565D1CD001F9CB7 /* SceneDelegate.swift in Sources */ = {isa = PBXBuildFile; fileRef = 1E73170E2565D1CD001F9CB7 /* SceneDelegate.swift */; };
		1E7317142565D1CE001F9CB7 /* Main.storyboard in Resources */ = {isa = PBXBuildFile; fileRef = 1E7317122565D1CE001F9CB7 /* Main.storyboard */; };
		1E7317162565D1D0001F9CB7 /* Assets.xcassets in Resources */ = {isa = PBXBuildFile; fileRef = 1E7317152565D1D0001F9CB7 /* Assets.xcassets */; };
		1E7317192565D1D0001F9CB7 /* LaunchScreen.storyboard in Resources */ = {isa = PBXBuildFile; fileRef = 1E7317172565D1D0001F9CB7 /* LaunchScreen.storyboard */; };
		1E7317242565D1D1001F9CB7 /* ParstagramTests.swift in Sources */ = {isa = PBXBuildFile; fileRef = 1E7317232565D1D1001F9CB7 /* ParstagramTests.swift */; };
		1E73172F2565D1D1001F9CB7 /* ParstagramUITests.swift in Sources */ = {isa = PBXBuildFile; fileRef = 1E73172E2565D1D1001F9CB7 /* ParstagramUITests.swift */; };
		1EA9808D256B7B900082F281 /* CameraViewController.swift in Sources */ = {isa = PBXBuildFile; fileRef = 1EA9808C256B7B900082F281 /* CameraViewController.swift */; };
		1EA9809D256B856F0082F281 /* PostCell.swift in Sources */ = {isa = PBXBuildFile; fileRef = 1EA9809C256B856F0082F281 /* PostCell.swift */; };
		1ECA6632257036F3001F04B2 /* CommentCell.swift in Sources */ = {isa = PBXBuildFile; fileRef = 1ECA6631257036F3001F04B2 /* CommentCell.swift */; };
		1ED790F62565E06C00036C98 /* LoginViewController.swift in Sources */ = {isa = PBXBuildFile; fileRef = 1ED790F52565E06C00036C98 /* LoginViewController.swift */; };
		1ED790FB2565E07800036C98 /* FeedViewController.swift in Sources */ = {isa = PBXBuildFile; fileRef = 1ED790FA2565E07800036C98 /* FeedViewController.swift */; };
		7B66018C4CD678307B2E251D /* Pods_Parstagram_ParstagramUITests.framework in Frameworks */ = {isa = PBXBuildFile; fileRef = 8B15BEADD051A80175412322 /* Pods_Parstagram_ParstagramUITests.framework */; };
		C61F925F4E1D68D41A30A955 /* Pods_Parstagram.framework in Frameworks */ = {isa = PBXBuildFile; fileRef = 843FE69A9C99BAC38C5C4419 /* Pods_Parstagram.framework */; };
		C7DA3533F37245B9E4556059 /* Pods_ParstagramTests.framework in Frameworks */ = {isa = PBXBuildFile; fileRef = E4F11C5BE45C1BFFAE33C63C /* Pods_ParstagramTests.framework */; };
/* End PBXBuildFile section */

/* Begin PBXContainerItemProxy section */
		1E7317202565D1D1001F9CB7 /* PBXContainerItemProxy */ = {
			isa = PBXContainerItemProxy;
			containerPortal = 1E7317012565D1CD001F9CB7 /* Project object */;
			proxyType = 1;
			remoteGlobalIDString = 1E7317082565D1CD001F9CB7;
			remoteInfo = Parstagram;
		};
		1E73172B2565D1D1001F9CB7 /* PBXContainerItemProxy */ = {
			isa = PBXContainerItemProxy;
			containerPortal = 1E7317012565D1CD001F9CB7 /* Project object */;
			proxyType = 1;
			remoteGlobalIDString = 1E7317082565D1CD001F9CB7;
			remoteInfo = Parstagram;
		};
/* End PBXContainerItemProxy section */

/* Begin PBXFileReference section */
		10930202B7E2C3433F0EAF66 /* Pods-Parstagram-ParstagramUITests.release.xcconfig */ = {isa = PBXFileReference; includeInIndex = 1; lastKnownFileType = text.xcconfig; name = "Pods-Parstagram-ParstagramUITests.release.xcconfig"; path = "Target Support Files/Pods-Parstagram-ParstagramUITests/Pods-Parstagram-ParstagramUITests.release.xcconfig"; sourceTree = "<group>"; };
		1E7317092565D1CD001F9CB7 /* Parstagram.app */ = {isa = PBXFileReference; explicitFileType = wrapper.application; includeInIndex = 0; path = Parstagram.app; sourceTree = BUILT_PRODUCTS_DIR; };
		1E73170C2565D1CD001F9CB7 /* AppDelegate.swift */ = {isa = PBXFileReference; lastKnownFileType = sourcecode.swift; path = AppDelegate.swift; sourceTree = "<group>"; };
		1E73170E2565D1CD001F9CB7 /* SceneDelegate.swift */ = {isa = PBXFileReference; lastKnownFileType = sourcecode.swift; path = SceneDelegate.swift; sourceTree = "<group>"; };
		1E7317132565D1CE001F9CB7 /* Base */ = {isa = PBXFileReference; lastKnownFileType = file.storyboard; name = Base; path = Base.lproj/Main.storyboard; sourceTree = "<group>"; };
		1E7317152565D1D0001F9CB7 /* Assets.xcassets */ = {isa = PBXFileReference; lastKnownFileType = folder.assetcatalog; path = Assets.xcassets; sourceTree = "<group>"; };
		1E7317182565D1D0001F9CB7 /* Base */ = {isa = PBXFileReference; lastKnownFileType = file.storyboard; name = Base; path = Base.lproj/LaunchScreen.storyboard; sourceTree = "<group>"; };
		1E73171A2565D1D0001F9CB7 /* Info.plist */ = {isa = PBXFileReference; lastKnownFileType = text.plist.xml; path = Info.plist; sourceTree = "<group>"; };
		1E73171F2565D1D0001F9CB7 /* ParstagramTests.xctest */ = {isa = PBXFileReference; explicitFileType = wrapper.cfbundle; includeInIndex = 0; path = ParstagramTests.xctest; sourceTree = BUILT_PRODUCTS_DIR; };
		1E7317232565D1D1001F9CB7 /* ParstagramTests.swift */ = {isa = PBXFileReference; lastKnownFileType = sourcecode.swift; path = ParstagramTests.swift; sourceTree = "<group>"; };
		1E7317252565D1D1001F9CB7 /* Info.plist */ = {isa = PBXFileReference; lastKnownFileType = text.plist.xml; path = Info.plist; sourceTree = "<group>"; };
		1E73172A2565D1D1001F9CB7 /* ParstagramUITests.xctest */ = {isa = PBXFileReference; explicitFileType = wrapper.cfbundle; includeInIndex = 0; path = ParstagramUITests.xctest; sourceTree = BUILT_PRODUCTS_DIR; };
		1E73172E2565D1D1001F9CB7 /* ParstagramUITests.swift */ = {isa = PBXFileReference; lastKnownFileType = sourcecode.swift; path = ParstagramUITests.swift; sourceTree = "<group>"; };
		1E7317302565D1D1001F9CB7 /* Info.plist */ = {isa = PBXFileReference; lastKnownFileType = text.plist.xml; path = Info.plist; sourceTree = "<group>"; };
		1EA9808C256B7B900082F281 /* CameraViewController.swift */ = {isa = PBXFileReference; lastKnownFileType = sourcecode.swift; path = CameraViewController.swift; sourceTree = "<group>"; };
		1EA9809C256B856F0082F281 /* PostCell.swift */ = {isa = PBXFileReference; lastKnownFileType = sourcecode.swift; path = PostCell.swift; sourceTree = "<group>"; };
		1ECA6631257036F3001F04B2 /* CommentCell.swift */ = {isa = PBXFileReference; lastKnownFileType = sourcecode.swift; path = CommentCell.swift; sourceTree = "<group>"; };
		1ED790F52565E06C00036C98 /* LoginViewController.swift */ = {isa = PBXFileReference; lastKnownFileType = sourcecode.swift; path = LoginViewController.swift; sourceTree = "<group>"; };
		1ED790FA2565E07800036C98 /* FeedViewController.swift */ = {isa = PBXFileReference; lastKnownFileType = sourcecode.swift; path = FeedViewController.swift; sourceTree = "<group>"; };
		2B77CD1DBBB6FE2FDBD7866E /* Pods-Parstagram-ParstagramUITests.debug.xcconfig */ = {isa = PBXFileReference; includeInIndex = 1; lastKnownFileType = text.xcconfig; name = "Pods-Parstagram-ParstagramUITests.debug.xcconfig"; path = "Target Support Files/Pods-Parstagram-ParstagramUITests/Pods-Parstagram-ParstagramUITests.debug.xcconfig"; sourceTree = "<group>"; };
		4F25923AF95D35FD44801446 /* Pods-Parstagram.release.xcconfig */ = {isa = PBXFileReference; includeInIndex = 1; lastKnownFileType = text.xcconfig; name = "Pods-Parstagram.release.xcconfig"; path = "Target Support Files/Pods-Parstagram/Pods-Parstagram.release.xcconfig"; sourceTree = "<group>"; };
		5BBD7383385BB0F42F4337BF /* Pods-Parstagram.debug.xcconfig */ = {isa = PBXFileReference; includeInIndex = 1; lastKnownFileType = text.xcconfig; name = "Pods-Parstagram.debug.xcconfig"; path = "Target Support Files/Pods-Parstagram/Pods-Parstagram.debug.xcconfig"; sourceTree = "<group>"; };
		843FE69A9C99BAC38C5C4419 /* Pods_Parstagram.framework */ = {isa = PBXFileReference; explicitFileType = wrapper.framework; includeInIndex = 0; path = Pods_Parstagram.framework; sourceTree = BUILT_PRODUCTS_DIR; };
		8B15BEADD051A80175412322 /* Pods_Parstagram_ParstagramUITests.framework */ = {isa = PBXFileReference; explicitFileType = wrapper.framework; includeInIndex = 0; path = Pods_Parstagram_ParstagramUITests.framework; sourceTree = BUILT_PRODUCTS_DIR; };
		950984B1A78B8FAB21442DEF /* Pods-ParstagramTests.debug.xcconfig */ = {isa = PBXFileReference; includeInIndex = 1; lastKnownFileType = text.xcconfig; name = "Pods-ParstagramTests.debug.xcconfig"; path = "Target Support Files/Pods-ParstagramTests/Pods-ParstagramTests.debug.xcconfig"; sourceTree = "<group>"; };
		D151BB507D35AF64982BA25D /* Pods-ParstagramTests.release.xcconfig */ = {isa = PBXFileReference; includeInIndex = 1; lastKnownFileType = text.xcconfig; name = "Pods-ParstagramTests.release.xcconfig"; path = "Target Support Files/Pods-ParstagramTests/Pods-ParstagramTests.release.xcconfig"; sourceTree = "<group>"; };
		E4F11C5BE45C1BFFAE33C63C /* Pods_ParstagramTests.framework */ = {isa = PBXFileReference; explicitFileType = wrapper.framework; includeInIndex = 0; path = Pods_ParstagramTests.framework; sourceTree = BUILT_PRODUCTS_DIR; };
/* End PBXFileReference section */

/* Begin PBXFrameworksBuildPhase section */
		1E7317062565D1CD001F9CB7 /* Frameworks */ = {
			isa = PBXFrameworksBuildPhase;
			buildActionMask = 2147483647;
			files = (
				C61F925F4E1D68D41A30A955 /* Pods_Parstagram.framework in Frameworks */,
			);
			runOnlyForDeploymentPostprocessing = 0;
		};
		1E73171C2565D1D0001F9CB7 /* Frameworks */ = {
			isa = PBXFrameworksBuildPhase;
			buildActionMask = 2147483647;
			files = (
				C7DA3533F37245B9E4556059 /* Pods_ParstagramTests.framework in Frameworks */,
			);
			runOnlyForDeploymentPostprocessing = 0;
		};
		1E7317272565D1D1001F9CB7 /* Frameworks */ = {
			isa = PBXFrameworksBuildPhase;
			buildActionMask = 2147483647;
			files = (
				7B66018C4CD678307B2E251D /* Pods_Parstagram_ParstagramUITests.framework in Frameworks */,
			);
			runOnlyForDeploymentPostprocessing = 0;
		};
/* End PBXFrameworksBuildPhase section */

/* Begin PBXGroup section */
		1E7317002565D1CD001F9CB7 = {
			isa = PBXGroup;
			children = (
				1E73170B2565D1CD001F9CB7 /* Parstagram */,
				1E7317222565D1D1001F9CB7 /* ParstagramTests */,
				1E73172D2565D1D1001F9CB7 /* ParstagramUITests */,
				1E73170A2565D1CD001F9CB7 /* Products */,
				93471137BDEA812A17AC5114 /* Pods */,
				32F5ECCE76F0C17A104EA4BE /* Frameworks */,
			);
			sourceTree = "<group>";
		};
		1E73170A2565D1CD001F9CB7 /* Products */ = {
			isa = PBXGroup;
			children = (
				1E7317092565D1CD001F9CB7 /* Parstagram.app */,
				1E73171F2565D1D0001F9CB7 /* ParstagramTests.xctest */,
				1E73172A2565D1D1001F9CB7 /* ParstagramUITests.xctest */,
			);
			name = Products;
			sourceTree = "<group>";
		};
		1E73170B2565D1CD001F9CB7 /* Parstagram */ = {
			isa = PBXGroup;
			children = (
				1E73170C2565D1CD001F9CB7 /* AppDelegate.swift */,
				1E73170E2565D1CD001F9CB7 /* SceneDelegate.swift */,
				1E7317122565D1CE001F9CB7 /* Main.storyboard */,
				1E7317152565D1D0001F9CB7 /* Assets.xcassets */,
				1E7317172565D1D0001F9CB7 /* LaunchScreen.storyboard */,
				1E73171A2565D1D0001F9CB7 /* Info.plist */,
				1ED790F52565E06C00036C98 /* LoginViewController.swift */,
				1ED790FA2565E07800036C98 /* FeedViewController.swift */,
				1EA9808C256B7B900082F281 /* CameraViewController.swift */,
				1EA9809C256B856F0082F281 /* PostCell.swift */,
				1ECA6631257036F3001F04B2 /* CommentCell.swift */,
			);
			path = Parstagram;
			sourceTree = "<group>";
		};
		1E7317222565D1D1001F9CB7 /* ParstagramTests */ = {
			isa = PBXGroup;
			children = (
				1E7317232565D1D1001F9CB7 /* ParstagramTests.swift */,
				1E7317252565D1D1001F9CB7 /* Info.plist */,
			);
			path = ParstagramTests;
			sourceTree = "<group>";
		};
		1E73172D2565D1D1001F9CB7 /* ParstagramUITests */ = {
			isa = PBXGroup;
			children = (
				1E73172E2565D1D1001F9CB7 /* ParstagramUITests.swift */,
				1E7317302565D1D1001F9CB7 /* Info.plist */,
			);
			path = ParstagramUITests;
			sourceTree = "<group>";
		};
		32F5ECCE76F0C17A104EA4BE /* Frameworks */ = {
			isa = PBXGroup;
			children = (
				843FE69A9C99BAC38C5C4419 /* Pods_Parstagram.framework */,
				8B15BEADD051A80175412322 /* Pods_Parstagram_ParstagramUITests.framework */,
				E4F11C5BE45C1BFFAE33C63C /* Pods_ParstagramTests.framework */,
			);
			name = Frameworks;
			sourceTree = "<group>";
		};
		93471137BDEA812A17AC5114 /* Pods */ = {
			isa = PBXGroup;
			children = (
				5BBD7383385BB0F42F4337BF /* Pods-Parstagram.debug.xcconfig */,
				4F25923AF95D35FD44801446 /* Pods-Parstagram.release.xcconfig */,
				2B77CD1DBBB6FE2FDBD7866E /* Pods-Parstagram-ParstagramUITests.debug.xcconfig */,
				10930202B7E2C3433F0EAF66 /* Pods-Parstagram-ParstagramUITests.release.xcconfig */,
				950984B1A78B8FAB21442DEF /* Pods-ParstagramTests.debug.xcconfig */,
				D151BB507D35AF64982BA25D /* Pods-ParstagramTests.release.xcconfig */,
			);
			path = Pods;
			sourceTree = "<group>";
		};
/* End PBXGroup section */

/* Begin PBXNativeTarget section */
		1E7317082565D1CD001F9CB7 /* Parstagram */ = {
			isa = PBXNativeTarget;
			buildConfigurationList = 1E7317332565D1D1001F9CB7 /* Build configuration list for PBXNativeTarget "Parstagram" */;
			buildPhases = (
				191E40E7B11A60DF6BD08C9C /* [CP] Check Pods Manifest.lock */,
				1E7317052565D1CD001F9CB7 /* Sources */,
				1E7317062565D1CD001F9CB7 /* Frameworks */,
				1E7317072565D1CD001F9CB7 /* Resources */,
				B8E8E50E6B4588E0652C81A7 /* [CP] Embed Pods Frameworks */,
			);
			buildRules = (
			);
			dependencies = (
			);
			name = Parstagram;
			productName = Parstagram;
			productReference = 1E7317092565D1CD001F9CB7 /* Parstagram.app */;
			productType = "com.apple.product-type.application";
		};
		1E73171E2565D1D0001F9CB7 /* ParstagramTests */ = {
			isa = PBXNativeTarget;
			buildConfigurationList = 1E7317362565D1D1001F9CB7 /* Build configuration list for PBXNativeTarget "ParstagramTests" */;
			buildPhases = (
				D2560187A2B1B5127F71AB3C /* [CP] Check Pods Manifest.lock */,
				1E73171B2565D1D0001F9CB7 /* Sources */,
				1E73171C2565D1D0001F9CB7 /* Frameworks */,
				1E73171D2565D1D0001F9CB7 /* Resources */,
			);
			buildRules = (
			);
			dependencies = (
				1E7317212565D1D1001F9CB7 /* PBXTargetDependency */,
			);
			name = ParstagramTests;
			productName = ParstagramTests;
			productReference = 1E73171F2565D1D0001F9CB7 /* ParstagramTests.xctest */;
			productType = "com.apple.product-type.bundle.unit-test";
		};
		1E7317292565D1D1001F9CB7 /* ParstagramUITests */ = {
			isa = PBXNativeTarget;
			buildConfigurationList = 1E7317392565D1D1001F9CB7 /* Build configuration list for PBXNativeTarget "ParstagramUITests" */;
			buildPhases = (
				D6914E89BF1234458FE461F3 /* [CP] Check Pods Manifest.lock */,
				1E7317262565D1D1001F9CB7 /* Sources */,
				1E7317272565D1D1001F9CB7 /* Frameworks */,
				1E7317282565D1D1001F9CB7 /* Resources */,
				610A8E19915F8CEB8F545374 /* [CP] Embed Pods Frameworks */,
			);
			buildRules = (
			);
			dependencies = (
				1E73172C2565D1D1001F9CB7 /* PBXTargetDependency */,
			);
			name = ParstagramUITests;
			productName = ParstagramUITests;
			productReference = 1E73172A2565D1D1001F9CB7 /* ParstagramUITests.xctest */;
			productType = "com.apple.product-type.bundle.ui-testing";
		};
/* End PBXNativeTarget section */

/* Begin PBXProject section */
		1E7317012565D1CD001F9CB7 /* Project object */ = {
			isa = PBXProject;
			attributes = {
				LastSwiftUpdateCheck = 1200;
				LastUpgradeCheck = 1200;
				TargetAttributes = {
					1E7317082565D1CD001F9CB7 = {
						CreatedOnToolsVersion = 12.0.1;
					};
					1E73171E2565D1D0001F9CB7 = {
						CreatedOnToolsVersion = 12.0.1;
						TestTargetID = 1E7317082565D1CD001F9CB7;
					};
					1E7317292565D1D1001F9CB7 = {
						CreatedOnToolsVersion = 12.0.1;
						TestTargetID = 1E7317082565D1CD001F9CB7;
					};
				};
			};
			buildConfigurationList = 1E7317042565D1CD001F9CB7 /* Build configuration list for PBXProject "Parstagram" */;
			compatibilityVersion = "Xcode 9.3";
			developmentRegion = en;
			hasScannedForEncodings = 0;
			knownRegions = (
				en,
				Base,
			);
			mainGroup = 1E7317002565D1CD001F9CB7;
			productRefGroup = 1E73170A2565D1CD001F9CB7 /* Products */;
			projectDirPath = "";
			projectRoot = "";
			targets = (
				1E7317082565D1CD001F9CB7 /* Parstagram */,
				1E73171E2565D1D0001F9CB7 /* ParstagramTests */,
				1E7317292565D1D1001F9CB7 /* ParstagramUITests */,
			);
		};
/* End PBXProject section */

/* Begin PBXResourcesBuildPhase section */
		1E7317072565D1CD001F9CB7 /* Resources */ = {
			isa = PBXResourcesBuildPhase;
			buildActionMask = 2147483647;
			files = (
				1E7317192565D1D0001F9CB7 /* LaunchScreen.storyboard in Resources */,
				1E7317162565D1D0001F9CB7 /* Assets.xcassets in Resources */,
				1E7317142565D1CE001F9CB7 /* Main.storyboard in Resources */,
			);
			runOnlyForDeploymentPostprocessing = 0;
		};
		1E73171D2565D1D0001F9CB7 /* Resources */ = {
			isa = PBXResourcesBuildPhase;
			buildActionMask = 2147483647;
			files = (
			);
			runOnlyForDeploymentPostprocessing = 0;
		};
		1E7317282565D1D1001F9CB7 /* Resources */ = {
			isa = PBXResourcesBuildPhase;
			buildActionMask = 2147483647;
			files = (
			);
			runOnlyForDeploymentPostprocessing = 0;
		};
/* End PBXResourcesBuildPhase section */

/* Begin PBXShellScriptBuildPhase section */
		191E40E7B11A60DF6BD08C9C /* [CP] Check Pods Manifest.lock */ = {
			isa = PBXShellScriptBuildPhase;
			buildActionMask = 2147483647;
			files = (
			);
			inputFileListPaths = (
			);
			inputPaths = (
				"${PODS_PODFILE_DIR_PATH}/Podfile.lock",
				"${PODS_ROOT}/Manifest.lock",
			);
			name = "[CP] Check Pods Manifest.lock";
			outputFileListPaths = (
			);
			outputPaths = (
				"$(DERIVED_FILE_DIR)/Pods-Parstagram-checkManifestLockResult.txt",
			);
			runOnlyForDeploymentPostprocessing = 0;
			shellPath = /bin/sh;
			shellScript = "diff \"${PODS_PODFILE_DIR_PATH}/Podfile.lock\" \"${PODS_ROOT}/Manifest.lock\" > /dev/null\nif [ $? != 0 ] ; then\n    # print error to STDERR\n    echo \"error: The sandbox is not in sync with the Podfile.lock. Run 'pod install' or update your CocoaPods installation.\" >&2\n    exit 1\nfi\n# This output is used by Xcode 'outputs' to avoid re-running this script phase.\necho \"SUCCESS\" > \"${SCRIPT_OUTPUT_FILE_0}\"\n";
			showEnvVarsInLog = 0;
		};
		610A8E19915F8CEB8F545374 /* [CP] Embed Pods Frameworks */ = {
			isa = PBXShellScriptBuildPhase;
			buildActionMask = 2147483647;
			files = (
			);
			inputFileListPaths = (
				"${PODS_ROOT}/Target Support Files/Pods-Parstagram-ParstagramUITests/Pods-Parstagram-ParstagramUITests-frameworks-${CONFIGURATION}-input-files.xcfilelist",
			);
			name = "[CP] Embed Pods Frameworks";
			outputFileListPaths = (
				"${PODS_ROOT}/Target Support Files/Pods-Parstagram-ParstagramUITests/Pods-Parstagram-ParstagramUITests-frameworks-${CONFIGURATION}-output-files.xcfilelist",
			);
			runOnlyForDeploymentPostprocessing = 0;
			shellPath = /bin/sh;
			shellScript = "\"${PODS_ROOT}/Target Support Files/Pods-Parstagram-ParstagramUITests/Pods-Parstagram-ParstagramUITests-frameworks.sh\"\n";
			showEnvVarsInLog = 0;
		};
		B8E8E50E6B4588E0652C81A7 /* [CP] Embed Pods Frameworks */ = {
			isa = PBXShellScriptBuildPhase;
			buildActionMask = 2147483647;
			files = (
			);
			inputFileListPaths = (
				"${PODS_ROOT}/Target Support Files/Pods-Parstagram/Pods-Parstagram-frameworks-${CONFIGURATION}-input-files.xcfilelist",
			);
			name = "[CP] Embed Pods Frameworks";
			outputFileListPaths = (
				"${PODS_ROOT}/Target Support Files/Pods-Parstagram/Pods-Parstagram-frameworks-${CONFIGURATION}-output-files.xcfilelist",
			);
			runOnlyForDeploymentPostprocessing = 0;
			shellPath = /bin/sh;
			shellScript = "\"${PODS_ROOT}/Target Support Files/Pods-Parstagram/Pods-Parstagram-frameworks.sh\"\n";
			showEnvVarsInLog = 0;
		};
		D2560187A2B1B5127F71AB3C /* [CP] Check Pods Manifest.lock */ = {
			isa = PBXShellScriptBuildPhase;
			buildActionMask = 2147483647;
			files = (
			);
			inputFileListPaths = (
			);
			inputPaths = (
				"${PODS_PODFILE_DIR_PATH}/Podfile.lock",
				"${PODS_ROOT}/Manifest.lock",
			);
			name = "[CP] Check Pods Manifest.lock";
			outputFileListPaths = (
			);
			outputPaths = (
				"$(DERIVED_FILE_DIR)/Pods-ParstagramTests-checkManifestLockResult.txt",
			);
			runOnlyForDeploymentPostprocessing = 0;
			shellPath = /bin/sh;
			shellScript = "diff \"${PODS_PODFILE_DIR_PATH}/Podfile.lock\" \"${PODS_ROOT}/Manifest.lock\" > /dev/null\nif [ $? != 0 ] ; then\n    # print error to STDERR\n    echo \"error: The sandbox is not in sync with the Podfile.lock. Run 'pod install' or update your CocoaPods installation.\" >&2\n    exit 1\nfi\n# This output is used by Xcode 'outputs' to avoid re-running this script phase.\necho \"SUCCESS\" > \"${SCRIPT_OUTPUT_FILE_0}\"\n";
			showEnvVarsInLog = 0;
		};
		D6914E89BF1234458FE461F3 /* [CP] Check Pods Manifest.lock */ = {
			isa = PBXShellScriptBuildPhase;
			buildActionMask = 2147483647;
			files = (
			);
			inputFileListPaths = (
			);
			inputPaths = (
				"${PODS_PODFILE_DIR_PATH}/Podfile.lock",
				"${PODS_ROOT}/Manifest.lock",
			);
			name = "[CP] Check Pods Manifest.lock";
			outputFileListPaths = (
			);
			outputPaths = (
				"$(DERIVED_FILE_DIR)/Pods-Parstagram-ParstagramUITests-checkManifestLockResult.txt",
			);
			runOnlyForDeploymentPostprocessing = 0;
			shellPath = /bin/sh;
			shellScript = "diff \"${PODS_PODFILE_DIR_PATH}/Podfile.lock\" \"${PODS_ROOT}/Manifest.lock\" > /dev/null\nif [ $? != 0 ] ; then\n    # print error to STDERR\n    echo \"error: The sandbox is not in sync with the Podfile.lock. Run 'pod install' or update your CocoaPods installation.\" >&2\n    exit 1\nfi\n# This output is used by Xcode 'outputs' to avoid re-running this script phase.\necho \"SUCCESS\" > \"${SCRIPT_OUTPUT_FILE_0}\"\n";
			showEnvVarsInLog = 0;
		};
/* End PBXShellScriptBuildPhase section */

/* Begin PBXSourcesBuildPhase section */
		1E7317052565D1CD001F9CB7 /* Sources */ = {
			isa = PBXSourcesBuildPhase;
			buildActionMask = 2147483647;
			files = (
				1ED790F62565E06C00036C98 /* LoginViewController.swift in Sources */,
				1EA9808D256B7B900082F281 /* CameraViewController.swift in Sources */,
				1E73170D2565D1CD001F9CB7 /* AppDelegate.swift in Sources */,
				1ED790FB2565E07800036C98 /* FeedViewController.swift in Sources */,
				1E73170F2565D1CD001F9CB7 /* SceneDelegate.swift in Sources */,
				1EA9809D256B856F0082F281 /* PostCell.swift in Sources */,
				1ECA6632257036F3001F04B2 /* CommentCell.swift in Sources */,
			);
			runOnlyForDeploymentPostprocessing = 0;
		};
		1E73171B2565D1D0001F9CB7 /* Sources */ = {
			isa = PBXSourcesBuildPhase;
			buildActionMask = 2147483647;
			files = (
				1E7317242565D1D1001F9CB7 /* ParstagramTests.swift in Sources */,
			);
			runOnlyForDeploymentPostprocessing = 0;
		};
		1E7317262565D1D1001F9CB7 /* Sources */ = {
			isa = PBXSourcesBuildPhase;
			buildActionMask = 2147483647;
			files = (
				1E73172F2565D1D1001F9CB7 /* ParstagramUITests.swift in Sources */,
			);
			runOnlyForDeploymentPostprocessing = 0;
		};
/* End PBXSourcesBuildPhase section */

/* Begin PBXTargetDependency section */
		1E7317212565D1D1001F9CB7 /* PBXTargetDependency */ = {
			isa = PBXTargetDependency;
			target = 1E7317082565D1CD001F9CB7 /* Parstagram */;
			targetProxy = 1E7317202565D1D1001F9CB7 /* PBXContainerItemProxy */;
		};
		1E73172C2565D1D1001F9CB7 /* PBXTargetDependency */ = {
			isa = PBXTargetDependency;
			target = 1E7317082565D1CD001F9CB7 /* Parstagram */;
			targetProxy = 1E73172B2565D1D1001F9CB7 /* PBXContainerItemProxy */;
		};
/* End PBXTargetDependency section */

/* Begin PBXVariantGroup section */
		1E7317122565D1CE001F9CB7 /* Main.storyboard */ = {
			isa = PBXVariantGroup;
			children = (
				1E7317132565D1CE001F9CB7 /* Base */,
			);
			name = Main.storyboard;
			sourceTree = "<group>";
		};
		1E7317172565D1D0001F9CB7 /* LaunchScreen.storyboard */ = {
			isa = PBXVariantGroup;
			children = (
				1E7317182565D1D0001F9CB7 /* Base */,
			);
			name = LaunchScreen.storyboard;
			sourceTree = "<group>";
		};
/* End PBXVariantGroup section */

/* Begin XCBuildConfiguration section */
		1E7317312565D1D1001F9CB7 /* Debug */ = {
			isa = XCBuildConfiguration;
			buildSettings = {
				ALWAYS_SEARCH_USER_PATHS = NO;
				CLANG_ANALYZER_NONNULL = YES;
				CLANG_ANALYZER_NUMBER_OBJECT_CONVERSION = YES_AGGRESSIVE;
				CLANG_CXX_LANGUAGE_STANDARD = "gnu++14";
				CLANG_CXX_LIBRARY = "libc++";
				CLANG_ENABLE_MODULES = YES;
				CLANG_ENABLE_OBJC_ARC = YES;
				CLANG_ENABLE_OBJC_WEAK = YES;
				CLANG_WARN_BLOCK_CAPTURE_AUTORELEASING = YES;
				CLANG_WARN_BOOL_CONVERSION = YES;
				CLANG_WARN_COMMA = YES;
				CLANG_WARN_CONSTANT_CONVERSION = YES;
				CLANG_WARN_DEPRECATED_OBJC_IMPLEMENTATIONS = YES;
				CLANG_WARN_DIRECT_OBJC_ISA_USAGE = YES_ERROR;
				CLANG_WARN_DOCUMENTATION_COMMENTS = YES;
				CLANG_WARN_EMPTY_BODY = YES;
				CLANG_WARN_ENUM_CONVERSION = YES;
				CLANG_WARN_INFINITE_RECURSION = YES;
				CLANG_WARN_INT_CONVERSION = YES;
				CLANG_WARN_NON_LITERAL_NULL_CONVERSION = YES;
				CLANG_WARN_OBJC_IMPLICIT_RETAIN_SELF = YES;
				CLANG_WARN_OBJC_LITERAL_CONVERSION = YES;
				CLANG_WARN_OBJC_ROOT_CLASS = YES_ERROR;
				CLANG_WARN_QUOTED_INCLUDE_IN_FRAMEWORK_HEADER = YES;
				CLANG_WARN_RANGE_LOOP_ANALYSIS = YES;
				CLANG_WARN_STRICT_PROTOTYPES = YES;
				CLANG_WARN_SUSPICIOUS_MOVE = YES;
				CLANG_WARN_UNGUARDED_AVAILABILITY = YES_AGGRESSIVE;
				CLANG_WARN_UNREACHABLE_CODE = YES;
				CLANG_WARN__DUPLICATE_METHOD_MATCH = YES;
				COPY_PHASE_STRIP = NO;
				DEBUG_INFORMATION_FORMAT = dwarf;
				ENABLE_STRICT_OBJC_MSGSEND = YES;
				ENABLE_TESTABILITY = YES;
				GCC_C_LANGUAGE_STANDARD = gnu11;
				GCC_DYNAMIC_NO_PIC = NO;
				GCC_NO_COMMON_BLOCKS = YES;
				GCC_OPTIMIZATION_LEVEL = 0;
				GCC_PREPROCESSOR_DEFINITIONS = (
					"DEBUG=1",
					"$(inherited)",
				);
				GCC_WARN_64_TO_32_BIT_CONVERSION = YES;
				GCC_WARN_ABOUT_RETURN_TYPE = YES_ERROR;
				GCC_WARN_UNDECLARED_SELECTOR = YES;
				GCC_WARN_UNINITIALIZED_AUTOS = YES_AGGRESSIVE;
				GCC_WARN_UNUSED_FUNCTION = YES;
				GCC_WARN_UNUSED_VARIABLE = YES;
				IPHONEOS_DEPLOYMENT_TARGET = 14.0;
				MTL_ENABLE_DEBUG_INFO = INCLUDE_SOURCE;
				MTL_FAST_MATH = YES;
				ONLY_ACTIVE_ARCH = YES;
				SDKROOT = iphoneos;
				SWIFT_ACTIVE_COMPILATION_CONDITIONS = DEBUG;
				SWIFT_OPTIMIZATION_LEVEL = "-Onone";
			};
			name = Debug;
		};
		1E7317322565D1D1001F9CB7 /* Release */ = {
			isa = XCBuildConfiguration;
			buildSettings = {
				ALWAYS_SEARCH_USER_PATHS = NO;
				CLANG_ANALYZER_NONNULL = YES;
				CLANG_ANALYZER_NUMBER_OBJECT_CONVERSION = YES_AGGRESSIVE;
				CLANG_CXX_LANGUAGE_STANDARD = "gnu++14";
				CLANG_CXX_LIBRARY = "libc++";
				CLANG_ENABLE_MODULES = YES;
				CLANG_ENABLE_OBJC_ARC = YES;
				CLANG_ENABLE_OBJC_WEAK = YES;
				CLANG_WARN_BLOCK_CAPTURE_AUTORELEASING = YES;
				CLANG_WARN_BOOL_CONVERSION = YES;
				CLANG_WARN_COMMA = YES;
				CLANG_WARN_CONSTANT_CONVERSION = YES;
				CLANG_WARN_DEPRECATED_OBJC_IMPLEMENTATIONS = YES;
				CLANG_WARN_DIRECT_OBJC_ISA_USAGE = YES_ERROR;
				CLANG_WARN_DOCUMENTATION_COMMENTS = YES;
				CLANG_WARN_EMPTY_BODY = YES;
				CLANG_WARN_ENUM_CONVERSION = YES;
				CLANG_WARN_INFINITE_RECURSION = YES;
				CLANG_WARN_INT_CONVERSION = YES;
				CLANG_WARN_NON_LITERAL_NULL_CONVERSION = YES;
				CLANG_WARN_OBJC_IMPLICIT_RETAIN_SELF = YES;
				CLANG_WARN_OBJC_LITERAL_CONVERSION = YES;
				CLANG_WARN_OBJC_ROOT_CLASS = YES_ERROR;
				CLANG_WARN_QUOTED_INCLUDE_IN_FRAMEWORK_HEADER = YES;
				CLANG_WARN_RANGE_LOOP_ANALYSIS = YES;
				CLANG_WARN_STRICT_PROTOTYPES = YES;
				CLANG_WARN_SUSPICIOUS_MOVE = YES;
				CLANG_WARN_UNGUARDED_AVAILABILITY = YES_AGGRESSIVE;
				CLANG_WARN_UNREACHABLE_CODE = YES;
				CLANG_WARN__DUPLICATE_METHOD_MATCH = YES;
				COPY_PHASE_STRIP = NO;
				DEBUG_INFORMATION_FORMAT = "dwarf-with-dsym";
				ENABLE_NS_ASSERTIONS = NO;
				ENABLE_STRICT_OBJC_MSGSEND = YES;
				GCC_C_LANGUAGE_STANDARD = gnu11;
				GCC_NO_COMMON_BLOCKS = YES;
				GCC_WARN_64_TO_32_BIT_CONVERSION = YES;
				GCC_WARN_ABOUT_RETURN_TYPE = YES_ERROR;
				GCC_WARN_UNDECLARED_SELECTOR = YES;
				GCC_WARN_UNINITIALIZED_AUTOS = YES_AGGRESSIVE;
				GCC_WARN_UNUSED_FUNCTION = YES;
				GCC_WARN_UNUSED_VARIABLE = YES;
				IPHONEOS_DEPLOYMENT_TARGET = 14.0;
				MTL_ENABLE_DEBUG_INFO = NO;
				MTL_FAST_MATH = YES;
				SDKROOT = iphoneos;
				SWIFT_COMPILATION_MODE = wholemodule;
				SWIFT_OPTIMIZATION_LEVEL = "-O";
				VALIDATE_PRODUCT = YES;
			};
			name = Release;
		};
		1E7317342565D1D1001F9CB7 /* Debug */ = {
			isa = XCBuildConfiguration;
			baseConfigurationReference = 5BBD7383385BB0F42F4337BF /* Pods-Parstagram.debug.xcconfig */;
			buildSettings = {
				ASSETCATALOG_COMPILER_APPICON_NAME = AppIcon;
				ASSETCATALOG_COMPILER_GLOBAL_ACCENT_COLOR_NAME = AccentColor;
				CODE_SIGN_STYLE = Automatic;
				INFOPLIST_FILE = Parstagram/Info.plist;
				LD_RUNPATH_SEARCH_PATHS = (
					"$(inherited)",
					"@executable_path/Frameworks",
				);
				PRODUCT_BUNDLE_IDENTIFIER = com.Rinchen.Parstagram;
				PRODUCT_NAME = "$(TARGET_NAME)";
				SWIFT_VERSION = 5.0;
				TARGETED_DEVICE_FAMILY = "1,2";
			};
			name = Debug;
		};
		1E7317352565D1D1001F9CB7 /* Release */ = {
			isa = XCBuildConfiguration;
			baseConfigurationReference = 4F25923AF95D35FD44801446 /* Pods-Parstagram.release.xcconfig */;
			buildSettings = {
				ASSETCATALOG_COMPILER_APPICON_NAME = AppIcon;
				ASSETCATALOG_COMPILER_GLOBAL_ACCENT_COLOR_NAME = AccentColor;
				CODE_SIGN_STYLE = Automatic;
				INFOPLIST_FILE = Parstagram/Info.plist;
				LD_RUNPATH_SEARCH_PATHS = (
					"$(inherited)",
					"@executable_path/Frameworks",
				);
				PRODUCT_BUNDLE_IDENTIFIER = com.Rinchen.Parstagram;
				PRODUCT_NAME = "$(TARGET_NAME)";
				SWIFT_VERSION = 5.0;
				TARGETED_DEVICE_FAMILY = "1,2";
			};
			name = Release;
		};
		1E7317372565D1D1001F9CB7 /* Debug */ = {
			isa = XCBuildConfiguration;
			baseConfigurationReference = 950984B1A78B8FAB21442DEF /* Pods-ParstagramTests.debug.xcconfig */;
			buildSettings = {
				ALWAYS_EMBED_SWIFT_STANDARD_LIBRARIES = YES;
				BUNDLE_LOADER = "$(TEST_HOST)";
				CODE_SIGN_STYLE = Automatic;
				INFOPLIST_FILE = ParstagramTests/Info.plist;
				IPHONEOS_DEPLOYMENT_TARGET = 14.0;
				LD_RUNPATH_SEARCH_PATHS = (
					"$(inherited)",
					"@executable_path/Frameworks",
					"@loader_path/Frameworks",
				);
				PRODUCT_BUNDLE_IDENTIFIER = com.Rinchen.ParstagramTests;
				PRODUCT_NAME = "$(TARGET_NAME)";
				SWIFT_VERSION = 5.0;
				TARGETED_DEVICE_FAMILY = "1,2";
				TEST_HOST = "$(BUILT_PRODUCTS_DIR)/Parstagram.app/Parstagram";
			};
			name = Debug;
		};
		1E7317382565D1D1001F9CB7 /* Release */ = {
			isa = XCBuildConfiguration;
			baseConfigurationReference = D151BB507D35AF64982BA25D /* Pods-ParstagramTests.release.xcconfig */;
			buildSettings = {
				ALWAYS_EMBED_SWIFT_STANDARD_LIBRARIES = YES;
				BUNDLE_LOADER = "$(TEST_HOST)";
				CODE_SIGN_STYLE = Automatic;
				INFOPLIST_FILE = ParstagramTests/Info.plist;
				IPHONEOS_DEPLOYMENT_TARGET = 14.0;
				LD_RUNPATH_SEARCH_PATHS = (
					"$(inherited)",
					"@executable_path/Frameworks",
					"@loader_path/Frameworks",
				);
				PRODUCT_BUNDLE_IDENTIFIER = com.Rinchen.ParstagramTests;
				PRODUCT_NAME = "$(TARGET_NAME)";
				SWIFT_VERSION = 5.0;
				TARGETED_DEVICE_FAMILY = "1,2";
				TEST_HOST = "$(BUILT_PRODUCTS_DIR)/Parstagram.app/Parstagram";
			};
			name = Release;
		};
		1E73173A2565D1D1001F9CB7 /* Debug */ = {
			isa = XCBuildConfiguration;
			baseConfigurationReference = 2B77CD1DBBB6FE2FDBD7866E /* Pods-Parstagram-ParstagramUITests.debug.xcconfig */;
			buildSettings = {
				ALWAYS_EMBED_SWIFT_STANDARD_LIBRARIES = YES;
				CODE_SIGN_STYLE = Automatic;
				INFOPLIST_FILE = ParstagramUITests/Info.plist;
				LD_RUNPATH_SEARCH_PATHS = (
					"$(inherited)",
					"@executable_path/Frameworks",
					"@loader_path/Frameworks",
				);
				PRODUCT_BUNDLE_IDENTIFIER = com.Rinchen.ParstagramUITests;
				PRODUCT_NAME = "$(TARGET_NAME)";
				SWIFT_VERSION = 5.0;
				TARGETED_DEVICE_FAMILY = "1,2";
				TEST_TARGET_NAME = Parstagram;
			};
			name = Debug;
		};
		1E73173B2565D1D1001F9CB7 /* Release */ = {
			isa = XCBuildConfiguration;
			baseConfigurationReference = 10930202B7E2C3433F0EAF66 /* Pods-Parstagram-ParstagramUITests.release.xcconfig */;
			buildSettings = {
				ALWAYS_EMBED_SWIFT_STANDARD_LIBRARIES = YES;
				CODE_SIGN_STYLE = Automatic;
				INFOPLIST_FILE = ParstagramUITests/Info.plist;
				LD_RUNPATH_SEARCH_PATHS = (
					"$(inherited)",
					"@executable_path/Frameworks",
					"@loader_path/Frameworks",
				);
				PRODUCT_BUNDLE_IDENTIFIER = com.Rinchen.ParstagramUITests;
				PRODUCT_NAME = "$(TARGET_NAME)";
				SWIFT_VERSION = 5.0;
				TARGETED_DEVICE_FAMILY = "1,2";
				TEST_TARGET_NAME = Parstagram;
			};
			name = Release;
		};
/* End XCBuildConfiguration section */

/* Begin XCConfigurationList section */
		1E7317042565D1CD001F9CB7 /* Build configuration list for PBXProject "Parstagram" */ = {
			isa = XCConfigurationList;
			buildConfigurations = (
				1E7317312565D1D1001F9CB7 /* Debug */,
				1E7317322565D1D1001F9CB7 /* Release */,
			);
			defaultConfigurationIsVisible = 0;
			defaultConfigurationName = Release;
		};
		1E7317332565D1D1001F9CB7 /* Build configuration list for PBXNativeTarget "Parstagram" */ = {
			isa = XCConfigurationList;
			buildConfigurations = (
				1E7317342565D1D1001F9CB7 /* Debug */,
				1E7317352565D1D1001F9CB7 /* Release */,
			);
			defaultConfigurationIsVisible = 0;
			defaultConfigurationName = Release;
		};
		1E7317362565D1D1001F9CB7 /* Build configuration list for PBXNativeTarget "ParstagramTests" */ = {
			isa = XCConfigurationList;
			buildConfigurations = (
				1E7317372565D1D1001F9CB7 /* Debug */,
				1E7317382565D1D1001F9CB7 /* Release */,
			);
			defaultConfigurationIsVisible = 0;
			defaultConfigurationName = Release;
		};
		1E7317392565D1D1001F9CB7 /* Build configuration list for PBXNativeTarget "ParstagramUITests" */ = {
			isa = XCConfigurationList;
			buildConfigurations = (
				1E73173A2565D1D1001F9CB7 /* Debug */,
				1E73173B2565D1D1001F9CB7 /* Release */,
			);
			defaultConfigurationIsVisible = 0;
			defaultConfigurationName = Release;
		};
/* End XCConfigurationList section */
	};
	rootObject = 1E7317012565D1CD001F9CB7 /* Project object */;
}
